
Microsoft Visual Studio Solution File, Format Version 12.00
# Visual Studio 15
VisualStudioVersion = 15.0.26124.0
MinimumVisualStudioVersion = 15.0.26124.0
Project("{2150E333-8FDC-42A3-9474-1A3956D46DE8}") = "src", "src", "{988E343E-E081-40DB-8C04-F16F0D700910}"
EndProject
Project("{FAE04EC0-301F-11D3-BF4B-00C04F79EFBC}") = "Bshub.Api", "src\Bshub.Api\Bshub.Api.csproj", "{EAEAA94C-9242-4C96-9066-B84C8FAD3D9F}"
EndProject
Project("{FAE04EC0-301F-11D3-BF4B-00C04F79EFBC}") = "Bshub.App", "src\Bshub.App\Bshub.App.csproj", "{C47362E3-3438-4DC8-87A3-00CB13784FE2}"
EndProject
Project("{FAE04EC0-301F-11D3-BF4B-00C04F79EFBC}") = "Bshub.Domain", "src\Bshub.Domain\Bshub.Domain.csproj", "{DF8B8F95-73D7-43B4-89A1-AFF120E9C9D2}"
EndProject
Project("{FAE04EC0-301F-11D3-BF4B-00C04F79EFBC}") = "Bshub.Infra", "src\Bshub.Infra\Bshub.Infra.csproj", "{96143FD1-F95B-46D0-94CA-B4AB5965702E}"
EndProject
Project("{2150E333-8FDC-42A3-9474-1A3956D46DE8}") = "tests", "tests", "{60DDC6A0-7273-4892-9DC7-8596C4C7C8C4}"
EndProject
Project("{FAE04EC0-301F-11D3-BF4B-00C04F79EFBC}") = "App.IntegrationTests", "tests\App.IntegrationTests\App.IntegrationTests.csproj", "{4B574CFE-DD9A-42A7-9044-D9C66A69BF98}"
EndProject
Global
	GlobalSection(SolutionConfigurationPlatforms) = preSolution
		Debug|Any CPU = Debug|Any CPU
		Debug|x64 = Debug|x64
		Debug|x86 = Debug|x86
		Release|Any CPU = Release|Any CPU
		Release|x64 = Release|x64
		Release|x86 = Release|x86
	EndGlobalSection
	GlobalSection(SolutionProperties) = preSolution
		HideSolutionNode = FALSE
	EndGlobalSection
	GlobalSection(ProjectConfigurationPlatforms) = postSolution
		{EAEAA94C-9242-4C96-9066-B84C8FAD3D9F}.Debug|Any CPU.ActiveCfg = Debug|Any CPU
		{EAEAA94C-9242-4C96-9066-B84C8FAD3D9F}.Debug|Any CPU.Build.0 = Debug|Any CPU
		{EAEAA94C-9242-4C96-9066-B84C8FAD3D9F}.Debug|x64.ActiveCfg = Debug|Any CPU
		{EAEAA94C-9242-4C96-9066-B84C8FAD3D9F}.Debug|x64.Build.0 = Debug|Any CPU
		{EAEAA94C-9242-4C96-9066-B84C8FAD3D9F}.Debug|x86.ActiveCfg = Debug|Any CPU
		{EAEAA94C-9242-4C96-9066-B84C8FAD3D9F}.Debug|x86.Build.0 = Debug|Any CPU
		{EAEAA94C-9242-4C96-9066-B84C8FAD3D9F}.Release|Any CPU.ActiveCfg = Release|Any CPU
		{EAEAA94C-9242-4C96-9066-B84C8FAD3D9F}.Release|Any CPU.Build.0 = Release|Any CPU
		{EAEAA94C-9242-4C96-9066-B84C8FAD3D9F}.Release|x64.ActiveCfg = Release|Any CPU
		{EAEAA94C-9242-4C96-9066-B84C8FAD3D9F}.Release|x64.Build.0 = Release|Any CPU
		{EAEAA94C-9242-4C96-9066-B84C8FAD3D9F}.Release|x86.ActiveCfg = Release|Any CPU
		{EAEAA94C-9242-4C96-9066-B84C8FAD3D9F}.Release|x86.Build.0 = Release|Any CPU
		{C47362E3-3438-4DC8-87A3-00CB13784FE2}.Debug|Any CPU.ActiveCfg = Debug|Any CPU
		{C47362E3-3438-4DC8-87A3-00CB13784FE2}.Debug|Any CPU.Build.0 = Debug|Any CPU
		{C47362E3-3438-4DC8-87A3-00CB13784FE2}.Debug|x64.ActiveCfg = Debug|Any CPU
		{C47362E3-3438-4DC8-87A3-00CB13784FE2}.Debug|x64.Build.0 = Debug|Any CPU
		{C47362E3-3438-4DC8-87A3-00CB13784FE2}.Debug|x86.ActiveCfg = Debug|Any CPU
		{C47362E3-3438-4DC8-87A3-00CB13784FE2}.Debug|x86.Build.0 = Debug|Any CPU
		{C47362E3-3438-4DC8-87A3-00CB13784FE2}.Release|Any CPU.ActiveCfg = Release|Any CPU
		{C47362E3-3438-4DC8-87A3-00CB13784FE2}.Release|Any CPU.Build.0 = Release|Any CPU
		{C47362E3-3438-4DC8-87A3-00CB13784FE2}.Release|x64.ActiveCfg = Release|Any CPU
		{C47362E3-3438-4DC8-87A3-00CB13784FE2}.Release|x64.Build.0 = Release|Any CPU
		{C47362E3-3438-4DC8-87A3-00CB13784FE2}.Release|x86.ActiveCfg = Release|Any CPU
		{C47362E3-3438-4DC8-87A3-00CB13784FE2}.Release|x86.Build.0 = Release|Any CPU
		{DF8B8F95-73D7-43B4-89A1-AFF120E9C9D2}.Debug|Any CPU.ActiveCfg = Debug|Any CPU
		{DF8B8F95-73D7-43B4-89A1-AFF120E9C9D2}.Debug|Any CPU.Build.0 = Debug|Any CPU
		{DF8B8F95-73D7-43B4-89A1-AFF120E9C9D2}.Debug|x64.ActiveCfg = Debug|Any CPU
		{DF8B8F95-73D7-43B4-89A1-AFF120E9C9D2}.Debug|x64.Build.0 = Debug|Any CPU
		{DF8B8F95-73D7-43B4-89A1-AFF120E9C9D2}.Debug|x86.ActiveCfg = Debug|Any CPU
		{DF8B8F95-73D7-43B4-89A1-AFF120E9C9D2}.Debug|x86.Build.0 = Debug|Any CPU
		{DF8B8F95-73D7-43B4-89A1-AFF120E9C9D2}.Release|Any CPU.ActiveCfg = Release|Any CPU
		{DF8B8F95-73D7-43B4-89A1-AFF120E9C9D2}.Release|Any CPU.Build.0 = Release|Any CPU
		{DF8B8F95-73D7-43B4-89A1-AFF120E9C9D2}.Release|x64.ActiveCfg = Release|Any CPU
		{DF8B8F95-73D7-43B4-89A1-AFF120E9C9D2}.Release|x64.Build.0 = Release|Any CPU
		{DF8B8F95-73D7-43B4-89A1-AFF120E9C9D2}.Release|x86.ActiveCfg = Release|Any CPU
		{DF8B8F95-73D7-43B4-89A1-AFF120E9C9D2}.Release|x86.Build.0 = Release|Any CPU
		{96143FD1-F95B-46D0-94CA-B4AB5965702E}.Debug|Any CPU.ActiveCfg = Debug|Any CPU
		{96143FD1-F95B-46D0-94CA-B4AB5965702E}.Debug|Any CPU.Build.0 = Debug|Any CPU
		{96143FD1-F95B-46D0-94CA-B4AB5965702E}.Debug|x64.ActiveCfg = Debug|Any CPU
		{96143FD1-F95B-46D0-94CA-B4AB5965702E}.Debug|x64.Build.0 = Debug|Any CPU
		{96143FD1-F95B-46D0-94CA-B4AB5965702E}.Debug|x86.ActiveCfg = Debug|Any CPU
		{96143FD1-F95B-46D0-94CA-B4AB5965702E}.Debug|x86.Build.0 = Debug|Any CPU
		{96143FD1-F95B-46D0-94CA-B4AB5965702E}.Release|Any CPU.ActiveCfg = Release|Any CPU
		{96143FD1-F95B-46D0-94CA-B4AB5965702E}.Release|Any CPU.Build.0 = Release|Any CPU
		{96143FD1-F95B-46D0-94CA-B4AB5965702E}.Release|x64.ActiveCfg = Release|Any CPU
		{96143FD1-F95B-46D0-94CA-B4AB5965702E}.Release|x64.Build.0 = Release|Any CPU
		{96143FD1-F95B-46D0-94CA-B4AB5965702E}.Release|x86.ActiveCfg = Release|Any CPU
		{96143FD1-F95B-46D0-94CA-B4AB5965702E}.Release|x86.Build.0 = Release|Any CPU
		{4B574CFE-DD9A-42A7-9044-D9C66A69BF98}.Debug|Any CPU.ActiveCfg = Debug|Any CPU
		{4B574CFE-DD9A-42A7-9044-D9C66A69BF98}.Debug|Any CPU.Build.0 = Debug|Any CPU
		{4B574CFE-DD9A-42A7-9044-D9C66A69BF98}.Debug|x64.ActiveCfg = Debug|Any CPU
		{4B574CFE-DD9A-42A7-9044-D9C66A69BF98}.Debug|x64.Build.0 = Debug|Any CPU
		{4B574CFE-DD9A-42A7-9044-D9C66A69BF98}.Debug|x86.ActiveCfg = Debug|Any CPU
		{4B574CFE-DD9A-42A7-9044-D9C66A69BF98}.Debug|x86.Build.0 = Debug|Any CPU
		{4B574CFE-DD9A-42A7-9044-D9C66A69BF98}.Release|Any CPU.ActiveCfg = Release|Any CPU
		{4B574CFE-DD9A-42A7-9044-D9C66A69BF98}.Release|Any CPU.Build.0 = Release|Any CPU
		{4B574CFE-DD9A-42A7-9044-D9C66A69BF98}.Release|x64.ActiveCfg = Release|Any CPU
		{4B574CFE-DD9A-42A7-9044-D9C66A69BF98}.Release|x64.Build.0 = Release|Any CPU
		{4B574CFE-DD9A-42A7-9044-D9C66A69BF98}.Release|x86.ActiveCfg = Release|Any CPU
		{4B574CFE-DD9A-42A7-9044-D9C66A69BF98}.Release|x86.Build.0 = Release|Any CPU
	EndGlobalSection
	GlobalSection(NestedProjects) = preSolution
		{EAEAA94C-9242-4C96-9066-B84C8FAD3D9F} = {988E343E-E081-40DB-8C04-F16F0D700910}
		{C47362E3-3438-4DC8-87A3-00CB13784FE2} = {988E343E-E081-40DB-8C04-F16F0D700910}
		{DF8B8F95-73D7-43B4-89A1-AFF120E9C9D2} = {988E343E-E081-40DB-8C04-F16F0D700910}
		{96143FD1-F95B-46D0-94CA-B4AB5965702E} = {988E343E-E081-40DB-8C04-F16F0D700910}
		{4B574CFE-DD9A-42A7-9044-D9C66A69BF98} = {60DDC6A0-7273-4892-9DC7-8596C4C7C8C4}
	EndGlobalSection
EndGlobal
